
Microsoft Visual Studio Solution File, Format Version 12.00
# Visual Studio Version 16
VisualStudioVersion = 16.0.29403.142
MinimumVisualStudioVersion = 10.0.40219.1
Project("{9A19103F-16F7-4668-BE54-9A1E7A4F7556}") = "LayoutRestService", "LayoutService\LayoutRestService.csproj", "{941FDA3C-7705-4463-835A-C49D6EA373E1}"
EndProject
Project("{9A19103F-16F7-4668-BE54-9A1E7A4F7556}") = "LayoutRestService.UnitTests", "LayoutService.Tests\LayoutRestService.UnitTests.csproj", "{2FE3EB98-1583-4933-819F-E998788CBB17}"
EndProject
Project("{9A19103F-16F7-4668-BE54-9A1E7A4F7556}") = "LayoutRestService.IntegrationTests", "LayoutRestService.IntegrationTests\LayoutRestService.IntegrationTests.csproj", "{0D4BB54C-CEE6-4159-AA14-4DE541709154}"
EndProject
Global
	GlobalSection(SolutionConfigurationPlatforms) = preSolution
		Debug|Any CPU = Debug|Any CPU
		Release|Any CPU = Release|Any CPU
	EndGlobalSection
	GlobalSection(ProjectConfigurationPlatforms) = postSolution
		{941FDA3C-7705-4463-835A-C49D6EA373E1}.Debug|Any CPU.ActiveCfg = Debug|Any CPU
		{941FDA3C-7705-4463-835A-C49D6EA373E1}.Debug|Any CPU.Build.0 = Debug|Any CPU
		{941FDA3C-7705-4463-835A-C49D6EA373E1}.Release|Any CPU.ActiveCfg = Release|Any CPU
		{941FDA3C-7705-4463-835A-C49D6EA373E1}.Release|Any CPU.Build.0 = Release|Any CPU
		{2FE3EB98-1583-4933-819F-E998788CBB17}.Debug|Any CPU.ActiveCfg = Debug|Any CPU
		{2FE3EB98-1583-4933-819F-E998788CBB17}.Debug|Any CPU.Build.0 = Debug|Any CPU
		{2FE3EB98-1583-4933-819F-E998788CBB17}.Release|Any CPU.ActiveCfg = Release|Any CPU
		{2FE3EB98-1583-4933-819F-E998788CBB17}.Release|Any CPU.Build.0 = Release|Any CPU
		{0D4BB54C-CEE6-4159-AA14-4DE541709154}.Debug|Any CPU.ActiveCfg = Debug|Any CPU
		{0D4BB54C-CEE6-4159-AA14-4DE541709154}.Debug|Any CPU.Build.0 = Debug|Any CPU
		{0D4BB54C-CEE6-4159-AA14-4DE541709154}.Release|Any CPU.ActiveCfg = Release|Any CPU
		{0D4BB54C-CEE6-4159-AA14-4DE541709154}.Release|Any CPU.Build.0 = Release|Any CPU
	EndGlobalSection
	GlobalSection(SolutionProperties) = preSolution
		HideSolutionNode = FALSE
	EndGlobalSection
	GlobalSection(ExtensibilityGlobals) = postSolution
		SolutionGuid = {45C1967A-7B2A-41F4-AD88-EB6C684C9167}
	EndGlobalSection
EndGlobal
